uuid: 7e9bf7d7-8a9a-42b4-ba2f-8e88c527077f
langcode: en
status: true
dependencies:
  module:
    - rir_interface
  theme:
    - bootstrap_barrio
id: bootstrap_barrio_copyrightblock
theme: bootstrap_barrio
region: top_header
weight: 0
provider: null
plugin: copyright_block
settings:
  id: copyright_block
  label: 'Copyright block'
  label_display: '0'
  provider: rir_interface
visibility: {  }
