uuid: 1e633298-7e94-4e3f-9e28-0d50c9ddaaa1
langcode: en
status: true
dependencies:
  module:
    - rir_interface
  theme:
    - houseinrwanda_theme
id: houseinrwanda_theme_copyrightblock
theme: houseinrwanda_theme
region: footer_fifth
weight: -22
provider: null
plugin: copyright_block
settings:
  id: copyright_block
  label: 'Copyright block'
  label_display: '0'
  provider: rir_interface
visibility: {  }
